
Microsoft Visual Studio Solution File, Format Version 12.00
# Visual Studio Version 16
VisualStudioVersion = 16.0.31112.23
MinimumVisualStudioVersion = 10.0.40219.1
Project("{FAE04EC0-301F-11D3-BF4B-00C04F79EFBC}") = "ShadesTriangles", "ShadesTriangles\ShadesTriangles.csproj", "{F7998A56-1183-446A-84DD-7B3D81B39C4A}"
EndProject
Global
	GlobalSection(SolutionConfigurationPlatforms) = preSolution
		Debug|Any CPU = Debug|Any CPU
		Release|Any CPU = Release|Any CPU
	EndGlobalSection
	GlobalSection(ProjectConfigurationPlatforms) = postSolution
		{F7998A56-1183-446A-84DD-7B3D81B39C4A}.Debug|Any CPU.ActiveCfg = Debug|Any CPU
		{F7998A56-1183-446A-84DD-7B3D81B39C4A}.Debug|Any CPU.Build.0 = Debug|Any CPU
		{F7998A56-1183-446A-84DD-7B3D81B39C4A}.Release|Any CPU.ActiveCfg = Release|Any CPU
		{F7998A56-1183-446A-84DD-7B3D81B39C4A}.Release|Any CPU.Build.0 = Release|Any CPU
	EndGlobalSection
	GlobalSection(SolutionProperties) = preSolution
		HideSolutionNode = FALSE
	EndGlobalSection
	GlobalSection(ExtensibilityGlobals) = postSolution
		SolutionGuid = {461C2C3F-30AA-42E2-9FAB-C30072A1770F}
	EndGlobalSection
EndGlobal
